// !$*UTF8*$!
{
	archiveVersion = 1;
	classes = {
	};
	objectVersion = 56;
	objects = {

/* Begin PBXBuildFile section */
		09425F772AE908E6007A8544 /* CryptoMonitoringApp.swift in Sources */ = {isa = PBXBuildFile; fileRef = 09425F762AE908E6007A8544 /* CryptoMonitoringApp.swift */; };
		09425F7E2AE908E9007A8544 /* Preview Assets.xcassets in Resources */ = {isa = PBXBuildFile; fileRef = 09425F7D2AE908E9007A8544 /* Preview Assets.xcassets */; };
		09425F862AE90912007A8544 /* Assets.xcassets in Resources */ = {isa = PBXBuildFile; fileRef = 09425F852AE90912007A8544 /* Assets.xcassets */; };
		09425F892AE90953007A8544 /* Color.swift in Sources */ = {isa = PBXBuildFile; fileRef = 09425F882AE90952007A8544 /* Color.swift */; };
		09425F8F2AE90A0C007A8544 /* HomeView.swift in Sources */ = {isa = PBXBuildFile; fileRef = 09425F8E2AE90A0C007A8544 /* HomeView.swift */; };
		09425F932AE90D60007A8544 /* CircleButtonView.swift in Sources */ = {isa = PBXBuildFile; fileRef = 09425F922AE90D60007A8544 /* CircleButtonView.swift */; };
		09425F952AE91350007A8544 /* CircleButtonAnimationView.swift in Sources */ = {isa = PBXBuildFile; fileRef = 09425F942AE91350007A8544 /* CircleButtonAnimationView.swift */; };
		095973932AF2783C009D72D1 /* NetworkingManager.swift in Sources */ = {isa = PBXBuildFile; fileRef = 095973922AF2783C009D72D1 /* NetworkingManager.swift */; };
		095973962AF6BEB6009D72D1 /* CoinImageView.swift in Sources */ = {isa = PBXBuildFile; fileRef = 095973952AF6BEB6009D72D1 /* CoinImageView.swift */; };
		095973982AF6C140009D72D1 /* CoinImageService.swift in Sources */ = {isa = PBXBuildFile; fileRef = 095973972AF6C13F009D72D1 /* CoinImageService.swift */; };
		0959739A2AF6C236009D72D1 /* ConstantURL.swift in Sources */ = {isa = PBXBuildFile; fileRef = 095973992AF6C236009D72D1 /* ConstantURL.swift */; };
		0959739C2AF6C674009D72D1 /* CoinImageViewModel.swift in Sources */ = {isa = PBXBuildFile; fileRef = 0959739B2AF6C674009D72D1 /* CoinImageViewModel.swift */; };
		096153F42AE95F5E001A239A /* CoinModel.swift in Sources */ = {isa = PBXBuildFile; fileRef = 096153F32AE95F5E001A239A /* CoinModel.swift */; };
		096153F62AEAD9BF001A239A /* CoinRowView.swift in Sources */ = {isa = PBXBuildFile; fileRef = 096153F52AEAD9BF001A239A /* CoinRowView.swift */; };
		096153F92AEADA74001A239A /* PreviewProvider.swift in Sources */ = {isa = PBXBuildFile; fileRef = 096153F82AEADA74001A239A /* PreviewProvider.swift */; };
		096153FB2AEADF43001A239A /* Double.swift in Sources */ = {isa = PBXBuildFile; fileRef = 096153FA2AEADF43001A239A /* Double.swift */; };
		096153FD2AEAE986001A239A /* HomeViewModel.swift in Sources */ = {isa = PBXBuildFile; fileRef = 096153FC2AEAE986001A239A /* HomeViewModel.swift */; };
		096154002AEAF58E001A239A /* CoinDataService.swift in Sources */ = {isa = PBXBuildFile; fileRef = 096153FF2AEAF58E001A239A /* CoinDataService.swift */; };
		09BF11AD2AFCBB16000C07BB /* LocalFileManager.swift in Sources */ = {isa = PBXBuildFile; fileRef = 09BF11AC2AFCBB16000C07BB /* LocalFileManager.swift */; };
		09BF11B02AFD5AF9000C07BB /* SearchBarView.swift in Sources */ = {isa = PBXBuildFile; fileRef = 09BF11AF2AFD5AF9000C07BB /* SearchBarView.swift */; };
		09BF11B22AFD66EE000C07BB /* UIApplication.swift in Sources */ = {isa = PBXBuildFile; fileRef = 09BF11B12AFD66EE000C07BB /* UIApplication.swift */; };
		09F2AB9B2B0113A500F372A6 /* StatisticModel.swift in Sources */ = {isa = PBXBuildFile; fileRef = 09F2AB9A2B0113A500F372A6 /* StatisticModel.swift */; };
		09F2AB9E2B0117B800F372A6 /* StatisticView.swift in Sources */ = {isa = PBXBuildFile; fileRef = 09F2AB9D2B0117B800F372A6 /* StatisticView.swift */; };
		09F2ABA02B011EF100F372A6 /* HomeStatsView.swift in Sources */ = {isa = PBXBuildFile; fileRef = 09F2AB9F2B011EF100F372A6 /* HomeStatsView.swift */; };
/* End PBXBuildFile section */

/* Begin PBXFileReference section */
		09425F732AE908E6007A8544 /* CryptoMonitoring.app */ = {isa = PBXFileReference; explicitFileType = wrapper.application; includeInIndex = 0; path = CryptoMonitoring.app; sourceTree = BUILT_PRODUCTS_DIR; };
		09425F762AE908E6007A8544 /* CryptoMonitoringApp.swift */ = {isa = PBXFileReference; lastKnownFileType = sourcecode.swift; path = CryptoMonitoringApp.swift; sourceTree = "<group>"; };
		09425F7D2AE908E9007A8544 /* Preview Assets.xcassets */ = {isa = PBXFileReference; lastKnownFileType = folder.assetcatalog; path = "Preview Assets.xcassets"; sourceTree = "<group>"; };
		09425F852AE90912007A8544 /* Assets.xcassets */ = {isa = PBXFileReference; lastKnownFileType = folder.assetcatalog; name = Assets.xcassets; path = ../../../../Downloads/Resources/Assets.xcassets; sourceTree = "<group>"; };
		09425F882AE90952007A8544 /* Color.swift */ = {isa = PBXFileReference; fileEncoding = 4; lastKnownFileType = sourcecode.swift; path = Color.swift; sourceTree = "<group>"; };
		09425F8E2AE90A0C007A8544 /* HomeView.swift */ = {isa = PBXFileReference; lastKnownFileType = sourcecode.swift; path = HomeView.swift; sourceTree = "<group>"; };
		09425F922AE90D60007A8544 /* CircleButtonView.swift */ = {isa = PBXFileReference; lastKnownFileType = sourcecode.swift; path = CircleButtonView.swift; sourceTree = "<group>"; };
		09425F942AE91350007A8544 /* CircleButtonAnimationView.swift */ = {isa = PBXFileReference; lastKnownFileType = sourcecode.swift; path = CircleButtonAnimationView.swift; sourceTree = "<group>"; };
		095973922AF2783C009D72D1 /* NetworkingManager.swift */ = {isa = PBXFileReference; lastKnownFileType = sourcecode.swift; path = NetworkingManager.swift; sourceTree = "<group>"; };
		095973952AF6BEB6009D72D1 /* CoinImageView.swift */ = {isa = PBXFileReference; lastKnownFileType = sourcecode.swift; path = CoinImageView.swift; sourceTree = "<group>"; };
		095973972AF6C13F009D72D1 /* CoinImageService.swift */ = {isa = PBXFileReference; lastKnownFileType = sourcecode.swift; path = CoinImageService.swift; sourceTree = "<group>"; };
		095973992AF6C236009D72D1 /* ConstantURL.swift */ = {isa = PBXFileReference; lastKnownFileType = sourcecode.swift; path = ConstantURL.swift; sourceTree = "<group>"; };
		0959739B2AF6C674009D72D1 /* CoinImageViewModel.swift */ = {isa = PBXFileReference; lastKnownFileType = sourcecode.swift; path = CoinImageViewModel.swift; sourceTree = "<group>"; };
		096153F32AE95F5E001A239A /* CoinModel.swift */ = {isa = PBXFileReference; lastKnownFileType = sourcecode.swift; path = CoinModel.swift; sourceTree = "<group>"; };
		096153F52AEAD9BF001A239A /* CoinRowView.swift */ = {isa = PBXFileReference; lastKnownFileType = sourcecode.swift; path = CoinRowView.swift; sourceTree = "<group>"; };
		096153F82AEADA74001A239A /* PreviewProvider.swift */ = {isa = PBXFileReference; lastKnownFileType = sourcecode.swift; path = PreviewProvider.swift; sourceTree = "<group>"; };
		096153FA2AEADF43001A239A /* Double.swift */ = {isa = PBXFileReference; lastKnownFileType = sourcecode.swift; path = Double.swift; sourceTree = "<group>"; };
		096153FC2AEAE986001A239A /* HomeViewModel.swift */ = {isa = PBXFileReference; lastKnownFileType = sourcecode.swift; path = HomeViewModel.swift; sourceTree = "<group>"; };
		096153FF2AEAF58E001A239A /* CoinDataService.swift */ = {isa = PBXFileReference; lastKnownFileType = sourcecode.swift; path = CoinDataService.swift; sourceTree = "<group>"; };
		09BF11AC2AFCBB16000C07BB /* LocalFileManager.swift */ = {isa = PBXFileReference; lastKnownFileType = sourcecode.swift; path = LocalFileManager.swift; sourceTree = "<group>"; };
		09BF11AF2AFD5AF9000C07BB /* SearchBarView.swift */ = {isa = PBXFileReference; lastKnownFileType = sourcecode.swift; path = SearchBarView.swift; sourceTree = "<group>"; };
		09BF11B12AFD66EE000C07BB /* UIApplication.swift */ = {isa = PBXFileReference; lastKnownFileType = sourcecode.swift; path = UIApplication.swift; sourceTree = "<group>"; };
		09F2AB9A2B0113A500F372A6 /* StatisticModel.swift */ = {isa = PBXFileReference; lastKnownFileType = sourcecode.swift; path = StatisticModel.swift; sourceTree = "<group>"; };
		09F2AB9D2B0117B800F372A6 /* StatisticView.swift */ = {isa = PBXFileReference; lastKnownFileType = sourcecode.swift; path = StatisticView.swift; sourceTree = "<group>"; };
		09F2AB9F2B011EF100F372A6 /* HomeStatsView.swift */ = {isa = PBXFileReference; lastKnownFileType = sourcecode.swift; path = HomeStatsView.swift; sourceTree = "<group>"; };
/* End PBXFileReference section */

/* Begin PBXFrameworksBuildPhase section */
		09425F702AE908E6007A8544 /* Frameworks */ = {
			isa = PBXFrameworksBuildPhase;
			buildActionMask = 2147483647;
			files = (
			);
			runOnlyForDeploymentPostprocessing = 0;
		};
/* End PBXFrameworksBuildPhase section */

/* Begin PBXGroup section */
		09425F6A2AE908E6007A8544 = {
			isa = PBXGroup;
			children = (
				09425F752AE908E6007A8544 /* CryptoMonitoring */,
				09425F742AE908E6007A8544 /* Products */,
			);
			sourceTree = "<group>";
		};
		09425F742AE908E6007A8544 /* Products */ = {
			isa = PBXGroup;
			children = (
				09425F732AE908E6007A8544 /* CryptoMonitoring.app */,
			);
			name = Products;
			sourceTree = "<group>";
		};
		09425F752AE908E6007A8544 /* CryptoMonitoring */ = {
			isa = PBXGroup;
			children = (
				09425F762AE908E6007A8544 /* CryptoMonitoringApp.swift */,
				09425F872AE90922007A8544 /* Extensions */,
				095973912AF277E7009D72D1 /* Utilities */,
				096153FE2AEAF550001A239A /* Services */,
				096153F22AE95F14001A239A /* Models */,
				09425F8A2AE909CA007A8544 /* Core */,
				09425F842AE908F0007A8544 /* Assets */,
				09425F7C2AE908E9007A8544 /* Preview Content */,
			);
			path = CryptoMonitoring;
			sourceTree = "<group>";
		};
		09425F7C2AE908E9007A8544 /* Preview Content */ = {
			isa = PBXGroup;
			children = (
				09425F7D2AE908E9007A8544 /* Preview Assets.xcassets */,
			);
			path = "Preview Content";
			sourceTree = "<group>";
		};
		09425F842AE908F0007A8544 /* Assets */ = {
			isa = PBXGroup;
			children = (
				09425F852AE90912007A8544 /* Assets.xcassets */,
			);
			path = Assets;
			sourceTree = "<group>";
		};
		09425F872AE90922007A8544 /* Extensions */ = {
			isa = PBXGroup;
			children = (
				09425F882AE90952007A8544 /* Color.swift */,
				096153FA2AEADF43001A239A /* Double.swift */,
				09BF11B12AFD66EE000C07BB /* UIApplication.swift */,
				096153F82AEADA74001A239A /* PreviewProvider.swift */,
			);
			path = Extensions;
			sourceTree = "<group>";
		};
		09425F8A2AE909CA007A8544 /* Core */ = {
			isa = PBXGroup;
			children = (
				09425F902AE90D1A007A8544 /* Components */,
				09425F8B2AE909DC007A8544 /* HomeScreen */,
			);
			path = Core;
			sourceTree = "<group>";
		};
		09425F8B2AE909DC007A8544 /* HomeScreen */ = {
			isa = PBXGroup;
			children = (
				09425F8D2AE909F5007A8544 /* Views */,
				09425F8C2AE909EA007A8544 /* ViewModels */,
			);
			path = HomeScreen;
			sourceTree = "<group>";
		};
		09425F8C2AE909EA007A8544 /* ViewModels */ = {
			isa = PBXGroup;
			children = (
				096153FC2AEAE986001A239A /* HomeViewModel.swift */,
			);
			path = ViewModels;
			sourceTree = "<group>";
		};
		09425F8D2AE909F5007A8544 /* Views */ = {
			isa = PBXGroup;
			children = (
				09425F8E2AE90A0C007A8544 /* HomeView.swift */,
				09F2AB9F2B011EF100F372A6 /* HomeStatsView.swift */,
				096153F52AEAD9BF001A239A /* CoinRowView.swift */,
			);
			path = Views;
			sourceTree = "<group>";
		};
		09425F902AE90D1A007A8544 /* Components */ = {
			isa = PBXGroup;
			children = (
				09F2AB9C2B0117A100F372A6 /* StatisticView */,
				09BF11AE2AFD5AC3000C07BB /* SearchBar */,
				095973942AF6BE84009D72D1 /* CoinImage */,
				09425F912AE90D3D007A8544 /* CircleButton */,
			);
			path = Components;
			sourceTree = "<group>";
		};
		09425F912AE90D3D007A8544 /* CircleButton */ = {
			isa = PBXGroup;
			children = (
				09425F922AE90D60007A8544 /* CircleButtonView.swift */,
				09425F942AE91350007A8544 /* CircleButtonAnimationView.swift */,
			);
			path = CircleButton;
			sourceTree = "<group>";
		};
		095973912AF277E7009D72D1 /* Utilities */ = {
			isa = PBXGroup;
			children = (
				095973922AF2783C009D72D1 /* NetworkingManager.swift */,
				09BF11AC2AFCBB16000C07BB /* LocalFileManager.swift */,
				095973992AF6C236009D72D1 /* ConstantURL.swift */,
			);
			path = Utilities;
			sourceTree = "<group>";
		};
		095973942AF6BE84009D72D1 /* CoinImage */ = {
			isa = PBXGroup;
			children = (
				095973952AF6BEB6009D72D1 /* CoinImageView.swift */,
				0959739B2AF6C674009D72D1 /* CoinImageViewModel.swift */,
			);
			path = CoinImage;
			sourceTree = "<group>";
		};
		096153F22AE95F14001A239A /* Models */ = {
			isa = PBXGroup;
			children = (
				096153F32AE95F5E001A239A /* CoinModel.swift */,
				09F2AB9A2B0113A500F372A6 /* StatisticModel.swift */,
			);
			path = Models;
			sourceTree = "<group>";
		};
		096153FE2AEAF550001A239A /* Services */ = {
			isa = PBXGroup;
			children = (
				096153FF2AEAF58E001A239A /* CoinDataService.swift */,
				095973972AF6C13F009D72D1 /* CoinImageService.swift */,
			);
			path = Services;
			sourceTree = "<group>";
		};
		09BF11AE2AFD5AC3000C07BB /* SearchBar */ = {
			isa = PBXGroup;
			children = (
				09BF11AF2AFD5AF9000C07BB /* SearchBarView.swift */,
			);
			path = SearchBar;
			sourceTree = "<group>";
		};
		09F2AB9C2B0117A100F372A6 /* StatisticView */ = {
			isa = PBXGroup;
			children = (
				09F2AB9D2B0117B800F372A6 /* StatisticView.swift */,
			);
			path = StatisticView;
			sourceTree = "<group>";
		};
/* End PBXGroup section */

/* Begin PBXNativeTarget section */
		09425F722AE908E6007A8544 /* CryptoMonitoring */ = {
			isa = PBXNativeTarget;
			buildConfigurationList = 09425F812AE908E9007A8544 /* Build configuration list for PBXNativeTarget "CryptoMonitoring" */;
			buildPhases = (
				09425F6F2AE908E6007A8544 /* Sources */,
				09425F702AE908E6007A8544 /* Frameworks */,
				09425F712AE908E6007A8544 /* Resources */,
			);
			buildRules = (
			);
			dependencies = (
			);
			name = CryptoMonitoring;
			productName = CryptoMonitoring;
			productReference = 09425F732AE908E6007A8544 /* CryptoMonitoring.app */;
			productType = "com.apple.product-type.application";
		};
/* End PBXNativeTarget section */

/* Begin PBXProject section */
		09425F6B2AE908E6007A8544 /* Project object */ = {
			isa = PBXProject;
			attributes = {
				BuildIndependentTargetsInParallel = 1;
				LastSwiftUpdateCheck = 1500;
				LastUpgradeCheck = 1500;
				TargetAttributes = {
					09425F722AE908E6007A8544 = {
						CreatedOnToolsVersion = 15.0;
					};
				};
			};
			buildConfigurationList = 09425F6E2AE908E6007A8544 /* Build configuration list for PBXProject "CryptoMonitoring" */;
			compatibilityVersion = "Xcode 14.0";
			developmentRegion = en;
			hasScannedForEncodings = 0;
			knownRegions = (
				en,
				Base,
			);
			mainGroup = 09425F6A2AE908E6007A8544;
			productRefGroup = 09425F742AE908E6007A8544 /* Products */;
			projectDirPath = "";
			projectRoot = "";
			targets = (
				09425F722AE908E6007A8544 /* CryptoMonitoring */,
			);
		};
/* End PBXProject section */

/* Begin PBXResourcesBuildPhase section */
		09425F712AE908E6007A8544 /* Resources */ = {
			isa = PBXResourcesBuildPhase;
			buildActionMask = 2147483647;
			files = (
				09425F862AE90912007A8544 /* Assets.xcassets in Resources */,
				09425F7E2AE908E9007A8544 /* Preview Assets.xcassets in Resources */,
			);
			runOnlyForDeploymentPostprocessing = 0;
		};
/* End PBXResourcesBuildPhase section */

/* Begin PBXSourcesBuildPhase section */
		09425F6F2AE908E6007A8544 /* Sources */ = {
			isa = PBXSourcesBuildPhase;
			buildActionMask = 2147483647;
			files = (
				09F2AB9B2B0113A500F372A6 /* StatisticModel.swift in Sources */,
				095973962AF6BEB6009D72D1 /* CoinImageView.swift in Sources */,
				09425F8F2AE90A0C007A8544 /* HomeView.swift in Sources */,
				09425F772AE908E6007A8544 /* CryptoMonitoringApp.swift in Sources */,
				09425F952AE91350007A8544 /* CircleButtonAnimationView.swift in Sources */,
				096153FD2AEAE986001A239A /* HomeViewModel.swift in Sources */,
				0959739A2AF6C236009D72D1 /* ConstantURL.swift in Sources */,
				09F2AB9E2B0117B800F372A6 /* StatisticView.swift in Sources */,
				09425F932AE90D60007A8544 /* CircleButtonView.swift in Sources */,
				09BF11AD2AFCBB16000C07BB /* LocalFileManager.swift in Sources */,
				09BF11B22AFD66EE000C07BB /* UIApplication.swift in Sources */,
				096153F42AE95F5E001A239A /* CoinModel.swift in Sources */,
				096153F92AEADA74001A239A /* PreviewProvider.swift in Sources */,
				09BF11B02AFD5AF9000C07BB /* SearchBarView.swift in Sources */,
				096153F62AEAD9BF001A239A /* CoinRowView.swift in Sources */,
				09F2ABA02B011EF100F372A6 /* HomeStatsView.swift in Sources */,
				096153FB2AEADF43001A239A /* Double.swift in Sources */,
				0959739C2AF6C674009D72D1 /* CoinImageViewModel.swift in Sources */,
				095973932AF2783C009D72D1 /* NetworkingManager.swift in Sources */,
				09425F892AE90953007A8544 /* Color.swift in Sources */,
				095973982AF6C140009D72D1 /* CoinImageService.swift in Sources */,
				096154002AEAF58E001A239A /* CoinDataService.swift in Sources */,
			);
			runOnlyForDeploymentPostprocessing = 0;
		};
/* End PBXSourcesBuildPhase section */

/* Begin XCBuildConfiguration section */
		09425F7F2AE908E9007A8544 /* Debug */ = {
			isa = XCBuildConfiguration;
			buildSettings = {
				ALWAYS_SEARCH_USER_PATHS = NO;
				ASSETCATALOG_COMPILER_GENERATE_SWIFT_ASSET_SYMBOL_EXTENSIONS = YES;
				CLANG_ANALYZER_NONNULL = YES;
				CLANG_ANALYZER_NUMBER_OBJECT_CONVERSION = YES_AGGRESSIVE;
				CLANG_CXX_LANGUAGE_STANDARD = "gnu++20";
				CLANG_ENABLE_MODULES = YES;
				CLANG_ENABLE_OBJC_ARC = YES;
				CLANG_ENABLE_OBJC_WEAK = YES;
				CLANG_WARN_BLOCK_CAPTURE_AUTORELEASING = YES;
				CLANG_WARN_BOOL_CONVERSION = YES;
				CLANG_WARN_COMMA = YES;
				CLANG_WARN_CONSTANT_CONVERSION = YES;
				CLANG_WARN_DEPRECATED_OBJC_IMPLEMENTATIONS = YES;
				CLANG_WARN_DIRECT_OBJC_ISA_USAGE = YES_ERROR;
				CLANG_WARN_DOCUMENTATION_COMMENTS = YES;
				CLANG_WARN_EMPTY_BODY = YES;
				CLANG_WARN_ENUM_CONVERSION = YES;
				CLANG_WARN_INFINITE_RECURSION = YES;
				CLANG_WARN_INT_CONVERSION = YES;
				CLANG_WARN_NON_LITERAL_NULL_CONVERSION = YES;
				CLANG_WARN_OBJC_IMPLICIT_RETAIN_SELF = YES;
				CLANG_WARN_OBJC_LITERAL_CONVERSION = YES;
				CLANG_WARN_OBJC_ROOT_CLASS = YES_ERROR;
				CLANG_WARN_QUOTED_INCLUDE_IN_FRAMEWORK_HEADER = YES;
				CLANG_WARN_RANGE_LOOP_ANALYSIS = YES;
				CLANG_WARN_STRICT_PROTOTYPES = YES;
				CLANG_WARN_SUSPICIOUS_MOVE = YES;
				CLANG_WARN_UNGUARDED_AVAILABILITY = YES_AGGRESSIVE;
				CLANG_WARN_UNREACHABLE_CODE = YES;
				CLANG_WARN__DUPLICATE_METHOD_MATCH = YES;
				COPY_PHASE_STRIP = NO;
				DEBUG_INFORMATION_FORMAT = dwarf;
				ENABLE_STRICT_OBJC_MSGSEND = YES;
				ENABLE_TESTABILITY = YES;
				ENABLE_USER_SCRIPT_SANDBOXING = YES;
				GCC_C_LANGUAGE_STANDARD = gnu17;
				GCC_DYNAMIC_NO_PIC = NO;
				GCC_NO_COMMON_BLOCKS = YES;
				GCC_OPTIMIZATION_LEVEL = 0;
				GCC_PREPROCESSOR_DEFINITIONS = (
					"DEBUG=1",
					"$(inherited)",
				);
				GCC_WARN_64_TO_32_BIT_CONVERSION = YES;
				GCC_WARN_ABOUT_RETURN_TYPE = YES_ERROR;
				GCC_WARN_UNDECLARED_SELECTOR = YES;
				GCC_WARN_UNINITIALIZED_AUTOS = YES_AGGRESSIVE;
				GCC_WARN_UNUSED_FUNCTION = YES;
				GCC_WARN_UNUSED_VARIABLE = YES;
				IPHONEOS_DEPLOYMENT_TARGET = 16.4;
				LOCALIZATION_PREFERS_STRING_CATALOGS = YES;
				MTL_ENABLE_DEBUG_INFO = INCLUDE_SOURCE;
				MTL_FAST_MATH = YES;
				ONLY_ACTIVE_ARCH = YES;
				SDKROOT = iphoneos;
				SWIFT_ACTIVE_COMPILATION_CONDITIONS = "DEBUG $(inherited)";
				SWIFT_OPTIMIZATION_LEVEL = "-Onone";
			};
			name = Debug;
		};
		09425F802AE908E9007A8544 /* Release */ = {
			isa = XCBuildConfiguration;
			buildSettings = {
				ALWAYS_SEARCH_USER_PATHS = NO;
				ASSETCATALOG_COMPILER_GENERATE_SWIFT_ASSET_SYMBOL_EXTENSIONS = YES;
				CLANG_ANALYZER_NONNULL = YES;
				CLANG_ANALYZER_NUMBER_OBJECT_CONVERSION = YES_AGGRESSIVE;
				CLANG_CXX_LANGUAGE_STANDARD = "gnu++20";
				CLANG_ENABLE_MODULES = YES;
				CLANG_ENABLE_OBJC_ARC = YES;
				CLANG_ENABLE_OBJC_WEAK = YES;
				CLANG_WARN_BLOCK_CAPTURE_AUTORELEASING = YES;
				CLANG_WARN_BOOL_CONVERSION = YES;
				CLANG_WARN_COMMA = YES;
				CLANG_WARN_CONSTANT_CONVERSION = YES;
				CLANG_WARN_DEPRECATED_OBJC_IMPLEMENTATIONS = YES;
				CLANG_WARN_DIRECT_OBJC_ISA_USAGE = YES_ERROR;
				CLANG_WARN_DOCUMENTATION_COMMENTS = YES;
				CLANG_WARN_EMPTY_BODY = YES;
				CLANG_WARN_ENUM_CONVERSION = YES;
				CLANG_WARN_INFINITE_RECURSION = YES;
				CLANG_WARN_INT_CONVERSION = YES;
				CLANG_WARN_NON_LITERAL_NULL_CONVERSION = YES;
				CLANG_WARN_OBJC_IMPLICIT_RETAIN_SELF = YES;
				CLANG_WARN_OBJC_LITERAL_CONVERSION = YES;
				CLANG_WARN_OBJC_ROOT_CLASS = YES_ERROR;
				CLANG_WARN_QUOTED_INCLUDE_IN_FRAMEWORK_HEADER = YES;
				CLANG_WARN_RANGE_LOOP_ANALYSIS = YES;
				CLANG_WARN_STRICT_PROTOTYPES = YES;
				CLANG_WARN_SUSPICIOUS_MOVE = YES;
				CLANG_WARN_UNGUARDED_AVAILABILITY = YES_AGGRESSIVE;
				CLANG_WARN_UNREACHABLE_CODE = YES;
				CLANG_WARN__DUPLICATE_METHOD_MATCH = YES;
				COPY_PHASE_STRIP = NO;
				DEBUG_INFORMATION_FORMAT = "dwarf-with-dsym";
				ENABLE_NS_ASSERTIONS = NO;
				ENABLE_STRICT_OBJC_MSGSEND = YES;
				ENABLE_USER_SCRIPT_SANDBOXING = YES;
				GCC_C_LANGUAGE_STANDARD = gnu17;
				GCC_NO_COMMON_BLOCKS = YES;
				GCC_WARN_64_TO_32_BIT_CONVERSION = YES;
				GCC_WARN_ABOUT_RETURN_TYPE = YES_ERROR;
				GCC_WARN_UNDECLARED_SELECTOR = YES;
				GCC_WARN_UNINITIALIZED_AUTOS = YES_AGGRESSIVE;
				GCC_WARN_UNUSED_FUNCTION = YES;
				GCC_WARN_UNUSED_VARIABLE = YES;
				IPHONEOS_DEPLOYMENT_TARGET = 16.4;
				LOCALIZATION_PREFERS_STRING_CATALOGS = YES;
				MTL_ENABLE_DEBUG_INFO = NO;
				MTL_FAST_MATH = YES;
				SDKROOT = iphoneos;
				SWIFT_COMPILATION_MODE = wholemodule;
				VALIDATE_PRODUCT = YES;
			};
			name = Release;
		};
		09425F822AE908E9007A8544 /* Debug */ = {
			isa = XCBuildConfiguration;
			buildSettings = {
				ASSETCATALOG_COMPILER_APPICON_NAME = AppIcon;
				ASSETCATALOG_COMPILER_GLOBAL_ACCENT_COLOR_NAME = AccentColor;
				CODE_SIGN_STYLE = Automatic;
				CURRENT_PROJECT_VERSION = 1;
				DEVELOPMENT_ASSET_PATHS = "\"CryptoMonitoring/Preview Content\"";
				DEVELOPMENT_TEAM = 8GJMP9US45;
				ENABLE_PREVIEWS = YES;
				GENERATE_INFOPLIST_FILE = YES;
				INFOPLIST_KEY_CFBundleDisplayName = "Crypto Monitoring";
				INFOPLIST_KEY_LSApplicationCategoryType = "public.app-category.finance";
				INFOPLIST_KEY_UIApplicationSceneManifest_Generation = YES;
				INFOPLIST_KEY_UIApplicationSupportsIndirectInputEvents = YES;
				INFOPLIST_KEY_UILaunchScreen_Generation = YES;
				INFOPLIST_KEY_UISupportedInterfaceOrientations = UIInterfaceOrientationPortrait;
				INFOPLIST_KEY_UISupportedInterfaceOrientations_iPad = "UIInterfaceOrientationLandscapeRight UIInterfaceOrientationPortrait";
				IPHONEOS_DEPLOYMENT_TARGET = 16.4;
				LD_RUNPATH_SEARCH_PATHS = (
					"$(inherited)",
					"@executable_path/Frameworks",
				);
				MARKETING_VERSION = 1.0;
				PRODUCT_BUNDLE_IDENTIFIER = ilyailyaovch.CryptoMonitoring;
				PRODUCT_NAME = "$(TARGET_NAME)";
				SWIFT_EMIT_LOC_STRINGS = YES;
				SWIFT_VERSION = 5.0;
				TARGETED_DEVICE_FAMILY = "1,2";
			};
			name = Debug;
		};
		09425F832AE908E9007A8544 /* Release */ = {
			isa = XCBuildConfiguration;
			buildSettings = {
				ASSETCATALOG_COMPILER_APPICON_NAME = AppIcon;
				ASSETCATALOG_COMPILER_GLOBAL_ACCENT_COLOR_NAME = AccentColor;
				CODE_SIGN_STYLE = Automatic;
				CURRENT_PROJECT_VERSION = 1;
				DEVELOPMENT_ASSET_PATHS = "\"CryptoMonitoring/Preview Content\"";
				DEVELOPMENT_TEAM = 8GJMP9US45;
				ENABLE_PREVIEWS = YES;
				GENERATE_INFOPLIST_FILE = YES;
				INFOPLIST_KEY_CFBundleDisplayName = "Crypto Monitoring";
				INFOPLIST_KEY_LSApplicationCategoryType = "public.app-category.finance";
				INFOPLIST_KEY_UIApplicationSceneManifest_Generation = YES;
				INFOPLIST_KEY_UIApplicationSupportsIndirectInputEvents = YES;
				INFOPLIST_KEY_UILaunchScreen_Generation = YES;
				INFOPLIST_KEY_UISupportedInterfaceOrientations = UIInterfaceOrientationPortrait;
				INFOPLIST_KEY_UISupportedInterfaceOrientations_iPad = "UIInterfaceOrientationLandscapeRight UIInterfaceOrientationPortrait";
				IPHONEOS_DEPLOYMENT_TARGET = 16.4;
				LD_RUNPATH_SEARCH_PATHS = (
					"$(inherited)",
					"@executable_path/Frameworks",
				);
				MARKETING_VERSION = 1.0;
				PRODUCT_BUNDLE_IDENTIFIER = ilyailyaovch.CryptoMonitoring;
				PRODUCT_NAME = "$(TARGET_NAME)";
				SWIFT_EMIT_LOC_STRINGS = YES;
				SWIFT_VERSION = 5.0;
				TARGETED_DEVICE_FAMILY = "1,2";
			};
			name = Release;
		};
/* End XCBuildConfiguration section */

/* Begin XCConfigurationList section */
		09425F6E2AE908E6007A8544 /* Build configuration list for PBXProject "CryptoMonitoring" */ = {
			isa = XCConfigurationList;
			buildConfigurations = (
				09425F7F2AE908E9007A8544 /* Debug */,
				09425F802AE908E9007A8544 /* Release */,
			);
			defaultConfigurationIsVisible = 0;
			defaultConfigurationName = Release;
		};
		09425F812AE908E9007A8544 /* Build configuration list for PBXNativeTarget "CryptoMonitoring" */ = {
			isa = XCConfigurationList;
			buildConfigurations = (
				09425F822AE908E9007A8544 /* Debug */,
				09425F832AE908E9007A8544 /* Release */,
			);
			defaultConfigurationIsVisible = 0;
			defaultConfigurationName = Release;
		};
/* End XCConfigurationList section */
	};
	rootObject = 09425F6B2AE908E6007A8544 /* Project object */;
}
